
Microsoft Visual Studio Solution File, Format Version 12.00
# Visual Studio 15
VisualStudioVersion = 15.0.27130.2027
MinimumVisualStudioVersion = 10.0.40219.1
Project("{2150E333-8FDC-42A3-9474-1A3956D46DE8}") = "docs", "docs", "{41D880CC-2000-41ED-91D6-4154BB367F71}"
EndProject
Project("{2150E333-8FDC-42A3-9474-1A3956D46DE8}") = "sources", "sources", "{11317120-1A4F-483D-812B-C4D58391BE1F}"
EndProject
Project("{2150E333-8FDC-42A3-9474-1A3956D46DE8}") = "DataLayer", "DataLayer", "{6F1367C6-C88A-4BC2-A982-214E9CA415A9}"
EndProject
Project("{FAE04EC0-301F-11D3-BF4B-00C04F79EFBC}") = "DataMapper", "DataMapper\DataMapper.csproj", "{87447037-DA23-4336-B05A-2489E02990EB}"
EndProject
Project("{2150E333-8FDC-42A3-9474-1A3956D46DE8}") = "DomainLayer", "DomainLayer", "{A3DDB7B9-239E-4C41-866F-C55E89A650F4}"
EndProject
Project("{2150E333-8FDC-42A3-9474-1A3956D46DE8}") = "DomainModel", "DomainModel", "{3EFBFEA4-2D25-43B8-9DDC-3D67E5D2F2F9}"
EndProject
Project("{FAE04EC0-301F-11D3-BF4B-00C04F79EFBC}") = "DomainModel", "DomainModel\DomainModel.csproj", "{2CFD2843-2E02-4165-8D08-ADB447CA6440}"
EndProject
Project("{2150E333-8FDC-42A3-9474-1A3956D46DE8}") = "ServiceLayer", "ServiceLayer", "{6CEBB11B-2FAF-4958-B3D7-0504A2BCE5C2}"
EndProject
Project("{FAE04EC0-301F-11D3-BF4B-00C04F79EFBC}") = "ServiceLayer", "ServiceLayer\ServiceLayer.csproj", "{0CC7CDD0-F2A2-441E-A460-E0C0669A98FA}"
EndProject
Project("{FAE04EC0-301F-11D3-BF4B-00C04F79EFBC}") = "TestDomainModel", "TestDomainModel\TestDomainModel.csproj", "{1B979189-A772-49A9-8A32-55C9DA71D2EC}"
EndProject
Project("{FAE04EC0-301F-11D3-BF4B-00C04F79EFBC}") = "TestServiceLayer", "TestServiceLayer\TestServiceLayer.csproj", "{F5F35AF0-54B8-4576-97E6-9AD7E9A77F61}"
EndProject
Project("{2150E333-8FDC-42A3-9474-1A3956D46DE8}") = "UserInterfaces", "UserInterfaces", "{41B73FFF-C2F5-4D39-A9A6-266DC854FEF3}"
EndProject
Project("{2150E333-8FDC-42A3-9474-1A3956D46DE8}") = "Console", "Console", "{88D73BF7-0677-44C4-ACF0-E360593367CC}"
EndProject
Project("{FAE04EC0-301F-11D3-BF4B-00C04F79EFBC}") = "Application", "LibraryApplication\Application.csproj", "{DB8E6862-0F9D-4D3C-A3CA-25CEBE103D98}"
EndProject
Project("{2150E333-8FDC-42A3-9474-1A3956D46DE8}") = "Log", "Log", "{77AED068-6692-4E11-83C4-9C0E71E26831}"
EndProject
Project("{FAE04EC0-301F-11D3-BF4B-00C04F79EFBC}") = "Logger", "Logger\Logger.csproj", "{0960DD1F-39B2-4B82-A4DC-166DEAAFB79D}"
EndProject
Project("{2150E333-8FDC-42A3-9474-1A3956D46DE8}") = "Startup", "Startup", "{9A630E2F-7352-4AA0-BDC9-EA9E011CC62D}"
EndProject
Global
	GlobalSection(SolutionConfigurationPlatforms) = preSolution
		Debug|Any CPU = Debug|Any CPU
		Release|Any CPU = Release|Any CPU
	EndGlobalSection
	GlobalSection(ProjectConfigurationPlatforms) = postSolution
		{87447037-DA23-4336-B05A-2489E02990EB}.Debug|Any CPU.ActiveCfg = Debug|Any CPU
		{87447037-DA23-4336-B05A-2489E02990EB}.Debug|Any CPU.Build.0 = Debug|Any CPU
		{87447037-DA23-4336-B05A-2489E02990EB}.Release|Any CPU.ActiveCfg = Release|Any CPU
		{87447037-DA23-4336-B05A-2489E02990EB}.Release|Any CPU.Build.0 = Release|Any CPU
		{2CFD2843-2E02-4165-8D08-ADB447CA6440}.Debug|Any CPU.ActiveCfg = Debug|Any CPU
		{2CFD2843-2E02-4165-8D08-ADB447CA6440}.Debug|Any CPU.Build.0 = Debug|Any CPU
		{2CFD2843-2E02-4165-8D08-ADB447CA6440}.Release|Any CPU.ActiveCfg = Release|Any CPU
		{2CFD2843-2E02-4165-8D08-ADB447CA6440}.Release|Any CPU.Build.0 = Release|Any CPU
		{0CC7CDD0-F2A2-441E-A460-E0C0669A98FA}.Debug|Any CPU.ActiveCfg = Debug|Any CPU
		{0CC7CDD0-F2A2-441E-A460-E0C0669A98FA}.Debug|Any CPU.Build.0 = Debug|Any CPU
		{0CC7CDD0-F2A2-441E-A460-E0C0669A98FA}.Release|Any CPU.ActiveCfg = Release|Any CPU
		{0CC7CDD0-F2A2-441E-A460-E0C0669A98FA}.Release|Any CPU.Build.0 = Release|Any CPU
		{1B979189-A772-49A9-8A32-55C9DA71D2EC}.Debug|Any CPU.ActiveCfg = Debug|Any CPU
		{1B979189-A772-49A9-8A32-55C9DA71D2EC}.Debug|Any CPU.Build.0 = Debug|Any CPU
		{1B979189-A772-49A9-8A32-55C9DA71D2EC}.Release|Any CPU.ActiveCfg = Release|Any CPU
		{1B979189-A772-49A9-8A32-55C9DA71D2EC}.Release|Any CPU.Build.0 = Release|Any CPU
		{F5F35AF0-54B8-4576-97E6-9AD7E9A77F61}.Debug|Any CPU.ActiveCfg = Debug|Any CPU
		{F5F35AF0-54B8-4576-97E6-9AD7E9A77F61}.Debug|Any CPU.Build.0 = Debug|Any CPU
		{F5F35AF0-54B8-4576-97E6-9AD7E9A77F61}.Release|Any CPU.ActiveCfg = Release|Any CPU
		{F5F35AF0-54B8-4576-97E6-9AD7E9A77F61}.Release|Any CPU.Build.0 = Release|Any CPU
		{DB8E6862-0F9D-4D3C-A3CA-25CEBE103D98}.Debug|Any CPU.ActiveCfg = Debug|Any CPU
		{DB8E6862-0F9D-4D3C-A3CA-25CEBE103D98}.Debug|Any CPU.Build.0 = Debug|Any CPU
		{DB8E6862-0F9D-4D3C-A3CA-25CEBE103D98}.Release|Any CPU.ActiveCfg = Release|Any CPU
		{DB8E6862-0F9D-4D3C-A3CA-25CEBE103D98}.Release|Any CPU.Build.0 = Release|Any CPU
		{0960DD1F-39B2-4B82-A4DC-166DEAAFB79D}.Debug|Any CPU.ActiveCfg = Debug|Any CPU
		{0960DD1F-39B2-4B82-A4DC-166DEAAFB79D}.Debug|Any CPU.Build.0 = Debug|Any CPU
		{0960DD1F-39B2-4B82-A4DC-166DEAAFB79D}.Release|Any CPU.ActiveCfg = Release|Any CPU
		{0960DD1F-39B2-4B82-A4DC-166DEAAFB79D}.Release|Any CPU.Build.0 = Release|Any CPU
	EndGlobalSection
	GlobalSection(SolutionProperties) = preSolution
		HideSolutionNode = FALSE
	EndGlobalSection
	GlobalSection(NestedProjects) = preSolution
		{6F1367C6-C88A-4BC2-A982-214E9CA415A9} = {11317120-1A4F-483D-812B-C4D58391BE1F}
		{87447037-DA23-4336-B05A-2489E02990EB} = {6F1367C6-C88A-4BC2-A982-214E9CA415A9}
		{A3DDB7B9-239E-4C41-866F-C55E89A650F4} = {11317120-1A4F-483D-812B-C4D58391BE1F}
		{3EFBFEA4-2D25-43B8-9DDC-3D67E5D2F2F9} = {A3DDB7B9-239E-4C41-866F-C55E89A650F4}
		{2CFD2843-2E02-4165-8D08-ADB447CA6440} = {3EFBFEA4-2D25-43B8-9DDC-3D67E5D2F2F9}
		{6CEBB11B-2FAF-4958-B3D7-0504A2BCE5C2} = {A3DDB7B9-239E-4C41-866F-C55E89A650F4}
		{0CC7CDD0-F2A2-441E-A460-E0C0669A98FA} = {6CEBB11B-2FAF-4958-B3D7-0504A2BCE5C2}
		{1B979189-A772-49A9-8A32-55C9DA71D2EC} = {3EFBFEA4-2D25-43B8-9DDC-3D67E5D2F2F9}
		{F5F35AF0-54B8-4576-97E6-9AD7E9A77F61} = {6CEBB11B-2FAF-4958-B3D7-0504A2BCE5C2}
		{88D73BF7-0677-44C4-ACF0-E360593367CC} = {41B73FFF-C2F5-4D39-A9A6-266DC854FEF3}
		{DB8E6862-0F9D-4D3C-A3CA-25CEBE103D98} = {88D73BF7-0677-44C4-ACF0-E360593367CC}
		{77AED068-6692-4E11-83C4-9C0E71E26831} = {11317120-1A4F-483D-812B-C4D58391BE1F}
		{0960DD1F-39B2-4B82-A4DC-166DEAAFB79D} = {77AED068-6692-4E11-83C4-9C0E71E26831}
		{9A630E2F-7352-4AA0-BDC9-EA9E011CC62D} = {11317120-1A4F-483D-812B-C4D58391BE1F}
	EndGlobalSection
	GlobalSection(ExtensibilityGlobals) = postSolution
		SolutionGuid = {D01584F2-39DF-428A-AFF7-76572D749C24}
	EndGlobalSection
EndGlobal
